// !$*UTF8*$!
{
	archiveVersion = 1;
	classes = {
	};
	objectVersion = 56;
	objects = {

/* Begin PBXBuildFile section */
		5D1802C328F2B36E00385534 /* AppDelegate.swift in Sources */ = {isa = PBXBuildFile; fileRef = 5D1802C228F2B36E00385534 /* AppDelegate.swift */; };
		5D1802C528F2B36E00385534 /* SceneDelegate.swift in Sources */ = {isa = PBXBuildFile; fileRef = 5D1802C428F2B36E00385534 /* SceneDelegate.swift */; };
		5D1802C728F2B36E00385534 /* ViewController.swift in Sources */ = {isa = PBXBuildFile; fileRef = 5D1802C628F2B36E00385534 /* ViewController.swift */; };
		5D1802CA28F2B36E00385534 /* Main.storyboard in Resources */ = {isa = PBXBuildFile; fileRef = 5D1802C828F2B36E00385534 /* Main.storyboard */; };
		5D1802CC28F2B36F00385534 /* Assets.xcassets in Resources */ = {isa = PBXBuildFile; fileRef = 5D1802CB28F2B36F00385534 /* Assets.xcassets */; };
		5D1802CF28F2B36F00385534 /* LaunchScreen.storyboard in Resources */ = {isa = PBXBuildFile; fileRef = 5D1802CD28F2B36F00385534 /* LaunchScreen.storyboard */; };
		5D1802E028F2B3EC00385534 /* Source.swift in Sources */ = {isa = PBXBuildFile; fileRef = 5D1802DF28F2B3EC00385534 /* Source.swift */; };
		5D1802E128F2B3EC00385534 /* Results.swift in Sources */ = {isa = PBXBuildFile; fileRef = 5D1802DD28F2B3EC00385534 /* Results.swift */; };
		5D1802E228F2B3EC00385534 /* Articles.swift in Sources */ = {isa = PBXBuildFile; fileRef = 5D1802DE28F2B3EC00385534 /* Articles.swift */; };
		5D1802E428F2B41A00385534 /* DataFetch.swift in Sources */ = {isa = PBXBuildFile; fileRef = 5D1802E328F2B41A00385534 /* DataFetch.swift */; };
		5D1802E628F2B66A00385534 /* TableViewCell.swift in Sources */ = {isa = PBXBuildFile; fileRef = 5D1802E528F2B66A00385534 /* TableViewCell.swift */; };
		5D1802E928F2BC3D00385534 /* imagecache.swift in Sources */ = {isa = PBXBuildFile; fileRef = 5D1802E828F2BC3D00385534 /* imagecache.swift */; };
/* End PBXBuildFile section */

/* Begin PBXFileReference section */
		5D1802BF28F2B36E00385534 /* NewsapiFetchUsingAsync.app */ = {isa = PBXFileReference; explicitFileType = wrapper.application; includeInIndex = 0; path = NewsapiFetchUsingAsync.app; sourceTree = BUILT_PRODUCTS_DIR; };
		5D1802C228F2B36E00385534 /* AppDelegate.swift */ = {isa = PBXFileReference; lastKnownFileType = sourcecode.swift; path = AppDelegate.swift; sourceTree = "<group>"; };
		5D1802C428F2B36E00385534 /* SceneDelegate.swift */ = {isa = PBXFileReference; lastKnownFileType = sourcecode.swift; path = SceneDelegate.swift; sourceTree = "<group>"; };
		5D1802C628F2B36E00385534 /* ViewController.swift */ = {isa = PBXFileReference; lastKnownFileType = sourcecode.swift; path = ViewController.swift; sourceTree = "<group>"; };
		5D1802C928F2B36E00385534 /* Base */ = {isa = PBXFileReference; lastKnownFileType = file.storyboard; name = Base; path = Base.lproj/Main.storyboard; sourceTree = "<group>"; };
		5D1802CB28F2B36F00385534 /* Assets.xcassets */ = {isa = PBXFileReference; lastKnownFileType = folder.assetcatalog; path = Assets.xcassets; sourceTree = "<group>"; };
		5D1802CE28F2B36F00385534 /* Base */ = {isa = PBXFileReference; lastKnownFileType = file.storyboard; name = Base; path = Base.lproj/LaunchScreen.storyboard; sourceTree = "<group>"; };
		5D1802D028F2B36F00385534 /* Info.plist */ = {isa = PBXFileReference; lastKnownFileType = text.plist.xml; path = Info.plist; sourceTree = "<group>"; };
		5D1802DD28F2B3EC00385534 /* Results.swift */ = {isa = PBXFileReference; lastKnownFileType = sourcecode.swift; path = Results.swift; sourceTree = "<group>"; };
		5D1802DE28F2B3EC00385534 /* Articles.swift */ = {isa = PBXFileReference; lastKnownFileType = sourcecode.swift; path = Articles.swift; sourceTree = "<group>"; };
		5D1802DF28F2B3EC00385534 /* Source.swift */ = {isa = PBXFileReference; lastKnownFileType = sourcecode.swift; path = Source.swift; sourceTree = "<group>"; };
		5D1802E328F2B41A00385534 /* DataFetch.swift */ = {isa = PBXFileReference; lastKnownFileType = sourcecode.swift; path = DataFetch.swift; sourceTree = "<group>"; };
		5D1802E528F2B66A00385534 /* TableViewCell.swift */ = {isa = PBXFileReference; lastKnownFileType = sourcecode.swift; path = TableViewCell.swift; sourceTree = "<group>"; };
		5D1802E828F2BC3D00385534 /* imagecache.swift */ = {isa = PBXFileReference; lastKnownFileType = sourcecode.swift; path = imagecache.swift; sourceTree = "<group>"; };
/* End PBXFileReference section */

/* Begin PBXFrameworksBuildPhase section */
		5D1802BC28F2B36E00385534 /* Frameworks */ = {
			isa = PBXFrameworksBuildPhase;
			buildActionMask = 2147483647;
			files = (
			);
			runOnlyForDeploymentPostprocessing = 0;
		};
/* End PBXFrameworksBuildPhase section */

/* Begin PBXGroup section */
		5D1802B628F2B36E00385534 = {
			isa = PBXGroup;
			children = (
				5D1802C128F2B36E00385534 /* NewsapiFetchUsingAsync */,
				5D1802C028F2B36E00385534 /* Products */,
			);
			sourceTree = "<group>";
		};
		5D1802C028F2B36E00385534 /* Products */ = {
			isa = PBXGroup;
			children = (
				5D1802BF28F2B36E00385534 /* NewsapiFetchUsingAsync.app */,
			);
			name = Products;
			sourceTree = "<group>";
		};
		5D1802C128F2B36E00385534 /* NewsapiFetchUsingAsync */ = {
			isa = PBXGroup;
			children = (
				5D1802D928F2B39500385534 /* Controller */,
				5D1802D828F2B38700385534 /* View Model */,
				5D1802D728F2B37F00385534 /* view */,
				5D1802D628F2B37700385534 /* Model */,
				5D1802C228F2B36E00385534 /* AppDelegate.swift */,
				5D1802C428F2B36E00385534 /* SceneDelegate.swift */,
				5D1802CB28F2B36F00385534 /* Assets.xcassets */,
				5D1802CD28F2B36F00385534 /* LaunchScreen.storyboard */,
				5D1802D028F2B36F00385534 /* Info.plist */,
			);
			path = NewsapiFetchUsingAsync;
			sourceTree = "<group>";
		};
		5D1802D628F2B37700385534 /* Model */ = {
			isa = PBXGroup;
			children = (
				5D1802DE28F2B3EC00385534 /* Articles.swift */,
				5D1802DD28F2B3EC00385534 /* Results.swift */,
				5D1802DF28F2B3EC00385534 /* Source.swift */,
			);
			path = Model;
			sourceTree = "<group>";
		};
		5D1802D728F2B37F00385534 /* view */ = {
			isa = PBXGroup;
			children = (
				5D1802DA28F2B3AE00385534 /* stoyboard */,
				5D1802E528F2B66A00385534 /* TableViewCell.swift */,
			);
			path = view;
			sourceTree = "<group>";
		};
		5D1802D828F2B38700385534 /* View Model */ = {
			isa = PBXGroup;
			children = (
				5D1802E728F2BC2E00385534 /* ImageModel */,
				5D1802E328F2B41A00385534 /* DataFetch.swift */,
			);
			path = "View Model";
			sourceTree = "<group>";
		};
		5D1802D928F2B39500385534 /* Controller */ = {
			isa = PBXGroup;
			children = (
				5D1802C628F2B36E00385534 /* ViewController.swift */,
			);
			path = Controller;
			sourceTree = "<group>";
		};
		5D1802DA28F2B3AE00385534 /* stoyboard */ = {
			isa = PBXGroup;
			children = (
				5D1802C828F2B36E00385534 /* Main.storyboard */,
			);
			path = stoyboard;
			sourceTree = "<group>";
		};
		5D1802E728F2BC2E00385534 /* ImageModel */ = {
			isa = PBXGroup;
			children = (
				5D1802E828F2BC3D00385534 /* imagecache.swift */,
			);
			path = ImageModel;
			sourceTree = "<group>";
		};
/* End PBXGroup section */

/* Begin PBXNativeTarget section */
		5D1802BE28F2B36E00385534 /* NewsapiFetchUsingAsync */ = {
			isa = PBXNativeTarget;
			buildConfigurationList = 5D1802D328F2B36F00385534 /* Build configuration list for PBXNativeTarget "NewsapiFetchUsingAsync" */;
			buildPhases = (
				5D1802BB28F2B36E00385534 /* Sources */,
				5D1802BC28F2B36E00385534 /* Frameworks */,
				5D1802BD28F2B36E00385534 /* Resources */,
			);
			buildRules = (
			);
			dependencies = (
			);
			name = NewsapiFetchUsingAsync;
			productName = NewsapiFetchUsingAsync;
			productReference = 5D1802BF28F2B36E00385534 /* NewsapiFetchUsingAsync.app */;
			productType = "com.apple.product-type.application";
		};
/* End PBXNativeTarget section */

/* Begin PBXProject section */
		5D1802B728F2B36E00385534 /* Project object */ = {
			isa = PBXProject;
			attributes = {
				BuildIndependentTargetsInParallel = 1;
				LastSwiftUpdateCheck = 1400;
				LastUpgradeCheck = 1400;
				TargetAttributes = {
					5D1802BE28F2B36E00385534 = {
						CreatedOnToolsVersion = 14.0.1;
					};
				};
			};
			buildConfigurationList = 5D1802BA28F2B36E00385534 /* Build configuration list for PBXProject "NewsapiFetchUsingAsync" */;
			compatibilityVersion = "Xcode 14.0";
			developmentRegion = en;
			hasScannedForEncodings = 0;
			knownRegions = (
				en,
				Base,
			);
			mainGroup = 5D1802B628F2B36E00385534;
			productRefGroup = 5D1802C028F2B36E00385534 /* Products */;
			projectDirPath = "";
			projectRoot = "";
			targets = (
				5D1802BE28F2B36E00385534 /* NewsapiFetchUsingAsync */,
			);
		};
/* End PBXProject section */

/* Begin PBXResourcesBuildPhase section */
		5D1802BD28F2B36E00385534 /* Resources */ = {
			isa = PBXResourcesBuildPhase;
			buildActionMask = 2147483647;
			files = (
				5D1802CF28F2B36F00385534 /* LaunchScreen.storyboard in Resources */,
				5D1802CC28F2B36F00385534 /* Assets.xcassets in Resources */,
				5D1802CA28F2B36E00385534 /* Main.storyboard in Resources */,
			);
			runOnlyForDeploymentPostprocessing = 0;
		};
/* End PBXResourcesBuildPhase section */

/* Begin PBXSourcesBuildPhase section */
		5D1802BB28F2B36E00385534 /* Sources */ = {
			isa = PBXSourcesBuildPhase;
			buildActionMask = 2147483647;
			files = (
				5D1802E028F2B3EC00385534 /* Source.swift in Sources */,
				5D1802E628F2B66A00385534 /* TableViewCell.swift in Sources */,
				5D1802C728F2B36E00385534 /* ViewController.swift in Sources */,
				5D1802C328F2B36E00385534 /* AppDelegate.swift in Sources */,
				5D1802E928F2BC3D00385534 /* imagecache.swift in Sources */,
				5D1802E128F2B3EC00385534 /* Results.swift in Sources */,
				5D1802E228F2B3EC00385534 /* Articles.swift in Sources */,
				5D1802E428F2B41A00385534 /* DataFetch.swift in Sources */,
				5D1802C528F2B36E00385534 /* SceneDelegate.swift in Sources */,
			);
			runOnlyForDeploymentPostprocessing = 0;
		};
/* End PBXSourcesBuildPhase section */

/* Begin PBXVariantGroup section */
		5D1802C828F2B36E00385534 /* Main.storyboard */ = {
			isa = PBXVariantGroup;
			children = (
				5D1802C928F2B36E00385534 /* Base */,
			);
			name = Main.storyboard;
			sourceTree = "<group>";
		};
		5D1802CD28F2B36F00385534 /* LaunchScreen.storyboard */ = {
			isa = PBXVariantGroup;
			children = (
				5D1802CE28F2B36F00385534 /* Base */,
			);
			name = LaunchScreen.storyboard;
			sourceTree = "<group>";
		};
/* End PBXVariantGroup section */

/* Begin XCBuildConfiguration section */
		5D1802D128F2B36F00385534 /* Debug */ = {
			isa = XCBuildConfiguration;
			buildSettings = {
				ALWAYS_SEARCH_USER_PATHS = NO;
				CLANG_ANALYZER_NONNULL = YES;
				CLANG_ANALYZER_NUMBER_OBJECT_CONVERSION = YES_AGGRESSIVE;
				CLANG_CXX_LANGUAGE_STANDARD = "gnu++20";
				CLANG_ENABLE_MODULES = YES;
				CLANG_ENABLE_OBJC_ARC = YES;
				CLANG_ENABLE_OBJC_WEAK = YES;
				CLANG_WARN_BLOCK_CAPTURE_AUTORELEASING = YES;
				CLANG_WARN_BOOL_CONVERSION = YES;
				CLANG_WARN_COMMA = YES;
				CLANG_WARN_CONSTANT_CONVERSION = YES;
				CLANG_WARN_DEPRECATED_OBJC_IMPLEMENTATIONS = YES;
				CLANG_WARN_DIRECT_OBJC_ISA_USAGE = YES_ERROR;
				CLANG_WARN_DOCUMENTATION_COMMENTS = YES;
				CLANG_WARN_EMPTY_BODY = YES;
				CLANG_WARN_ENUM_CONVERSION = YES;
				CLANG_WARN_INFINITE_RECURSION = YES;
				CLANG_WARN_INT_CONVERSION = YES;
				CLANG_WARN_NON_LITERAL_NULL_CONVERSION = YES;
				CLANG_WARN_OBJC_IMPLICIT_RETAIN_SELF = YES;
				CLANG_WARN_OBJC_LITERAL_CONVERSION = YES;
				CLANG_WARN_OBJC_ROOT_CLASS = YES_ERROR;
				CLANG_WARN_QUOTED_INCLUDE_IN_FRAMEWORK_HEADER = YES;
				CLANG_WARN_RANGE_LOOP_ANALYSIS = YES;
				CLANG_WARN_STRICT_PROTOTYPES = YES;
				CLANG_WARN_SUSPICIOUS_MOVE = YES;
				CLANG_WARN_UNGUARDED_AVAILABILITY = YES_AGGRESSIVE;
				CLANG_WARN_UNREACHABLE_CODE = YES;
				CLANG_WARN__DUPLICATE_METHOD_MATCH = YES;
				COPY_PHASE_STRIP = NO;
				DEBUG_INFORMATION_FORMAT = dwarf;
				ENABLE_STRICT_OBJC_MSGSEND = YES;
				ENABLE_TESTABILITY = YES;
				GCC_C_LANGUAGE_STANDARD = gnu11;
				GCC_DYNAMIC_NO_PIC = NO;
				GCC_NO_COMMON_BLOCKS = YES;
				GCC_OPTIMIZATION_LEVEL = 0;
				GCC_PREPROCESSOR_DEFINITIONS = (
					"DEBUG=1",
					"$(inherited)",
				);
				GCC_WARN_64_TO_32_BIT_CONVERSION = YES;
				GCC_WARN_ABOUT_RETURN_TYPE = YES_ERROR;
				GCC_WARN_UNDECLARED_SELECTOR = YES;
				GCC_WARN_UNINITIALIZED_AUTOS = YES_AGGRESSIVE;
				GCC_WARN_UNUSED_FUNCTION = YES;
				GCC_WARN_UNUSED_VARIABLE = YES;
				IPHONEOS_DEPLOYMENT_TARGET = 16.0;
				MTL_ENABLE_DEBUG_INFO = INCLUDE_SOURCE;
				MTL_FAST_MATH = YES;
				ONLY_ACTIVE_ARCH = YES;
				SDKROOT = iphoneos;
				SWIFT_ACTIVE_COMPILATION_CONDITIONS = DEBUG;
				SWIFT_OPTIMIZATION_LEVEL = "-Onone";
			};
			name = Debug;
		};
		5D1802D228F2B36F00385534 /* Release */ = {
			isa = XCBuildConfiguration;
			buildSettings = {
				ALWAYS_SEARCH_USER_PATHS = NO;
				CLANG_ANALYZER_NONNULL = YES;
				CLANG_ANALYZER_NUMBER_OBJECT_CONVERSION = YES_AGGRESSIVE;
				CLANG_CXX_LANGUAGE_STANDARD = "gnu++20";
				CLANG_ENABLE_MODULES = YES;
				CLANG_ENABLE_OBJC_ARC = YES;
				CLANG_ENABLE_OBJC_WEAK = YES;
				CLANG_WARN_BLOCK_CAPTURE_AUTORELEASING = YES;
				CLANG_WARN_BOOL_CONVERSION = YES;
				CLANG_WARN_COMMA = YES;
				CLANG_WARN_CONSTANT_CONVERSION = YES;
				CLANG_WARN_DEPRECATED_OBJC_IMPLEMENTATIONS = YES;
				CLANG_WARN_DIRECT_OBJC_ISA_USAGE = YES_ERROR;
				CLANG_WARN_DOCUMENTATION_COMMENTS = YES;
				CLANG_WARN_EMPTY_BODY = YES;
				CLANG_WARN_ENUM_CONVERSION = YES;
				CLANG_WARN_INFINITE_RECURSION = YES;
				CLANG_WARN_INT_CONVERSION = YES;
				CLANG_WARN_NON_LITERAL_NULL_CONVERSION = YES;
				CLANG_WARN_OBJC_IMPLICIT_RETAIN_SELF = YES;
				CLANG_WARN_OBJC_LITERAL_CONVERSION = YES;
				CLANG_WARN_OBJC_ROOT_CLASS = YES_ERROR;
				CLANG_WARN_QUOTED_INCLUDE_IN_FRAMEWORK_HEADER = YES;
				CLANG_WARN_RANGE_LOOP_ANALYSIS = YES;
				CLANG_WARN_STRICT_PROTOTYPES = YES;
				CLANG_WARN_SUSPICIOUS_MOVE = YES;
				CLANG_WARN_UNGUARDED_AVAILABILITY = YES_AGGRESSIVE;
				CLANG_WARN_UNREACHABLE_CODE = YES;
				CLANG_WARN__DUPLICATE_METHOD_MATCH = YES;
				COPY_PHASE_STRIP = NO;
				DEBUG_INFORMATION_FORMAT = "dwarf-with-dsym";
				ENABLE_NS_ASSERTIONS = NO;
				ENABLE_STRICT_OBJC_MSGSEND = YES;
				GCC_C_LANGUAGE_STANDARD = gnu11;
				GCC_NO_COMMON_BLOCKS = YES;
				GCC_WARN_64_TO_32_BIT_CONVERSION = YES;
				GCC_WARN_ABOUT_RETURN_TYPE = YES_ERROR;
				GCC_WARN_UNDECLARED_SELECTOR = YES;
				GCC_WARN_UNINITIALIZED_AUTOS = YES_AGGRESSIVE;
				GCC_WARN_UNUSED_FUNCTION = YES;
				GCC_WARN_UNUSED_VARIABLE = YES;
				IPHONEOS_DEPLOYMENT_TARGET = 16.0;
				MTL_ENABLE_DEBUG_INFO = NO;
				MTL_FAST_MATH = YES;
				SDKROOT = iphoneos;
				SWIFT_COMPILATION_MODE = wholemodule;
				SWIFT_OPTIMIZATION_LEVEL = "-O";
				VALIDATE_PRODUCT = YES;
			};
			name = Release;
		};
		5D1802D428F2B36F00385534 /* Debug */ = {
			isa = XCBuildConfiguration;
			buildSettings = {
				ASSETCATALOG_COMPILER_APPICON_NAME = AppIcon;
				ASSETCATALOG_COMPILER_GLOBAL_ACCENT_COLOR_NAME = AccentColor;
				CODE_SIGN_STYLE = Automatic;
				CURRENT_PROJECT_VERSION = 1;
				DEVELOPMENT_TEAM = NB5B4D8982;
				GENERATE_INFOPLIST_FILE = YES;
				INFOPLIST_FILE = NewsapiFetchUsingAsync/Info.plist;
				INFOPLIST_KEY_UIApplicationSupportsIndirectInputEvents = YES;
				INFOPLIST_KEY_UILaunchStoryboardName = LaunchScreen;
				INFOPLIST_KEY_UIMainStoryboardFile = Main;
				INFOPLIST_KEY_UISupportedInterfaceOrientations_iPad = "UIInterfaceOrientationPortrait UIInterfaceOrientationPortraitUpsideDown UIInterfaceOrientationLandscapeLeft UIInterfaceOrientationLandscapeRight";
				INFOPLIST_KEY_UISupportedInterfaceOrientations_iPhone = "UIInterfaceOrientationPortrait UIInterfaceOrientationLandscapeLeft UIInterfaceOrientationLandscapeRight";
				LD_RUNPATH_SEARCH_PATHS = (
					"$(inherited)",
					"@executable_path/Frameworks",
				);
				MARKETING_VERSION = 1.0;
				PRODUCT_BUNDLE_IDENTIFIER = com.ripon.NewsapiFetchUsingAsync;
				PRODUCT_NAME = "$(TARGET_NAME)";
				SWIFT_EMIT_LOC_STRINGS = YES;
				SWIFT_VERSION = 5.0;
				TARGETED_DEVICE_FAMILY = "1,2";
			};
			name = Debug;
		};
		5D1802D528F2B36F00385534 /* Release */ = {
			isa = XCBuildConfiguration;
			buildSettings = {
				ASSETCATALOG_COMPILER_APPICON_NAME = AppIcon;
				ASSETCATALOG_COMPILER_GLOBAL_ACCENT_COLOR_NAME = AccentColor;
				CODE_SIGN_STYLE = Automatic;
				CURRENT_PROJECT_VERSION = 1;
				DEVELOPMENT_TEAM = NB5B4D8982;
				GENERATE_INFOPLIST_FILE = YES;
				INFOPLIST_FILE = NewsapiFetchUsingAsync/Info.plist;
				INFOPLIST_KEY_UIApplicationSupportsIndirectInputEvents = YES;
				INFOPLIST_KEY_UILaunchStoryboardName = LaunchScreen;
				INFOPLIST_KEY_UIMainStoryboardFile = Main;
				INFOPLIST_KEY_UISupportedInterfaceOrientations_iPad = "UIInterfaceOrientationPortrait UIInterfaceOrientationPortraitUpsideDown UIInterfaceOrientationLandscapeLeft UIInterfaceOrientationLandscapeRight";
				INFOPLIST_KEY_UISupportedInterfaceOrientations_iPhone = "UIInterfaceOrientationPortrait UIInterfaceOrientationLandscapeLeft UIInterfaceOrientationLandscapeRight";
				LD_RUNPATH_SEARCH_PATHS = (
					"$(inherited)",
					"@executable_path/Frameworks",
				);
				MARKETING_VERSION = 1.0;
				PRODUCT_BUNDLE_IDENTIFIER = com.ripon.NewsapiFetchUsingAsync;
				PRODUCT_NAME = "$(TARGET_NAME)";
				SWIFT_EMIT_LOC_STRINGS = YES;
				SWIFT_VERSION = 5.0;
				TARGETED_DEVICE_FAMILY = "1,2";
			};
			name = Release;
		};
/* End XCBuildConfiguration section */

/* Begin XCConfigurationList section */
		5D1802BA28F2B36E00385534 /* Build configuration list for PBXProject "NewsapiFetchUsingAsync" */ = {
			isa = XCConfigurationList;
			buildConfigurations = (
				5D1802D128F2B36F00385534 /* Debug */,
				5D1802D228F2B36F00385534 /* Release */,
			);
			defaultConfigurationIsVisible = 0;
			defaultConfigurationName = Release;
		};
		5D1802D328F2B36F00385534 /* Build configuration list for PBXNativeTarget "NewsapiFetchUsingAsync" */ = {
			isa = XCConfigurationList;
			buildConfigurations = (
				5D1802D428F2B36F00385534 /* Debug */,
				5D1802D528F2B36F00385534 /* Release */,
			);
			defaultConfigurationIsVisible = 0;
			defaultConfigurationName = Release;
		};
/* End XCConfigurationList section */
	};
	rootObject = 5D1802B728F2B36E00385534 /* Project object */;
}
